{
  "name": "vgfan",
  "version": "1.0.0",
  "lockfileVersion": 1,
  "requires": true,
  "dependencies": {
    "snowframework": {
      "version": "1.2.2",
      "resolved": "https://registry.npmjs.org/snowframework/-/snowframework-1.2.2.tgz",
      "integrity": "sha512-6KN8p126sQunE+uBmBInLOh7a5UxhSXILikleTzVKjAJuGcemDLsM6nqNCW+jLEdOnlS3iCn3JfyuxIZzDeg1Q=="
    },
    "uikit": {
      "version": "3.0.0-beta.35",
      "resolved": "https://registry.npmjs.org/uikit/-/uikit-3.0.0-beta.35.tgz",
      "integrity": "sha512-Ix+Uqyi2bUHIYV0kpFvFn06eUlwWo1uFKL58bOPs7hZ4NeuXOOZv2mvx017dWpncJB1bVC7Mxc/JWG7MRRi4Yw=="
    }
  }
}
